{
  "name": "node-modules",
  "lockfileVersion": 3,
  "requires": true,
  "packages": {
    "": {
      "dependencies": {
        "@pnp/common": "^2.15.0",
        "@pnp/logging": "^4.18.0",
        "@pnp/sp": "^4.18.0"
      }
    },
    "node_modules/@pnp/common": {
      "version": "2.15.0",
      "resolved": "https://registry.npmjs.org/@pnp/common/-/common-2.15.0.tgz",
      "integrity": "sha512-lyK5LIet6xh0wXPvnMpOKU7cK1aRuLAJK+TxWUsg44fmoda4w316pWycTyWelaJYXnqZT2OOoz996Zpkc6t76w==",
      "dependencies": {
        "tslib": "2.3.0"
      },
      "funding": {
        "type": "individual",
        "url": "https://github.com/sponsors/patrick-rodgers/"
      }
    },
    "node_modules/@pnp/core": {
      "version": "4.18.0",
      "resolved": "https://registry.npmjs.org/@pnp/core/-/core-4.18.0.tgz",
      "integrity": "sha512-dqJ+O2uNhQ+H3qVULXOXf8rYObaJB4a32RZjvD1bwCSwFk6dpOLijzCQ9EylfivpkSIL4+/YiZxXV2IJBjCp3Q==",
      "dependencies": {
        "tslib": "2.8.1"
      },
      "engines": {
        "node": ">=18.12.0"
      },
      "funding": {
        "type": "individual",
        "url": "https://github.com/sponsors/patrick-rodgers/"
      }
    },
    "node_modules/@pnp/core/node_modules/tslib": {
      "version": "2.8.1",
      "resolved": "https://registry.npmjs.org/tslib/-/tslib-2.8.1.tgz",
      "integrity": "sha512-oJFu94HQb+KVduSUQL7wnpmqnfmLsOA/nAh6b6EH0wCEoK0/mPeXU6c3wKDV83MkOuHPRHtSXKKU99IBazS/2w=="
    },
    "node_modules/@pnp/logging": {
      "version": "4.18.0",
      "resolved": "https://registry.npmjs.org/@pnp/logging/-/logging-4.18.0.tgz",
      "integrity": "sha512-SRLWt8lv26kV8TTcUVOvLKSe9fub6I/dU3rrNLMBuIlrwEkdac8oPiKItVxhBW5vA/dy1ZqchECncQ4tG+nKvw==",
      "dependencies": {
        "tslib": "2.8.1"
      },
      "engines": {
        "node": ">=18.12.0"
      },
      "funding": {
        "type": "individual",
        "url": "https://github.com/sponsors/patrick-rodgers/"
      }
    },
    "node_modules/@pnp/logging/node_modules/tslib": {
      "version": "2.8.1",
      "resolved": "https://registry.npmjs.org/tslib/-/tslib-2.8.1.tgz",
      "integrity": "sha512-oJFu94HQb+KVduSUQL7wnpmqnfmLsOA/nAh6b6EH0wCEoK0/mPeXU6c3wKDV83MkOuHPRHtSXKKU99IBazS/2w=="
    },
    "node_modules/@pnp/queryable": {
      "version": "4.18.0",
      "resolved": "https://registry.npmjs.org/@pnp/queryable/-/queryable-4.18.0.tgz",
      "integrity": "sha512-dE9Xa2CTVwDtFvrOUuBnLTewEjNuLwrr9FtMtAGNfh0POgssxT5w6IAKrKDJjSEO3orzd2vV1hUfi3f0nTTEcA==",
      "dependencies": {
        "@pnp/core": "4.18.0",
        "tslib": "2.8.1"
      },
      "engines": {
        "node": ">=18.12.0"
      },
      "funding": {
        "type": "individual",
        "url": "https://github.com/sponsors/patrick-rodgers/"
      }
    },
    "node_modules/@pnp/queryable/node_modules/tslib": {
      "version": "2.8.1",
      "resolved": "https://registry.npmjs.org/tslib/-/tslib-2.8.1.tgz",
      "integrity": "sha512-oJFu94HQb+KVduSUQL7wnpmqnfmLsOA/nAh6b6EH0wCEoK0/mPeXU6c3wKDV83MkOuHPRHtSXKKU99IBazS/2w=="
    },
    "node_modules/@pnp/sp": {
      "version": "4.18.0",
      "resolved": "https://registry.npmjs.org/@pnp/sp/-/sp-4.18.0.tgz",
      "integrity": "sha512-iMmcnpuXQ6bd/OlqkyrgpvXG3zga0v3NdaA3R1J551RkfENlUTR/+mylc2ZfdhJsq2CKRsq0Ed9WAqEQ2kq3lg==",
      "dependencies": {
        "@pnp/core": "4.18.0",
        "@pnp/queryable": "4.18.0",
        "tslib": "2.8.1"
      },
      "engines": {
        "node": ">=18.12.0"
      },
      "funding": {
        "type": "individual",
        "url": "https://github.com/sponsors/patrick-rodgers/"
      }
    },
    "node_modules/@pnp/sp/node_modules/tslib": {
      "version": "2.8.1",
      "resolved": "https://registry.npmjs.org/tslib/-/tslib-2.8.1.tgz",
      "integrity": "sha512-oJFu94HQb+KVduSUQL7wnpmqnfmLsOA/nAh6b6EH0wCEoK0/mPeXU6c3wKDV83MkOuHPRHtSXKKU99IBazS/2w=="
    },
    "node_modules/tslib": {
      "version": "2.3.0",
      "resolved": "https://registry.npmjs.org/tslib/-/tslib-2.3.0.tgz",
      "integrity": "sha512-N82ooyxVNm6h1riLCoyS9e3fuJ3AMG2zIZs2Gd1ATcSFjSA23Q0fzjjZeh0jbJvWVDZ0cJT8yaNNaaXHzueNjg=="
    }
  }
}
